
Microsoft Visual Studio Solution File, Format Version 12.00
# Visual Studio Version 16
VisualStudioVersion = 16.0.30320.27
MinimumVisualStudioVersion = 10.0.40219.1
Project("{FAE04EC0-301F-11D3-BF4B-00C04F79EFBC}") = "BowlingKata", "BowlingKata\BowlingKata.csproj", "{266E0D64-3ACB-43F1-B9F9-77543CE34A49}"
EndProject
Project("{FAE04EC0-301F-11D3-BF4B-00C04F79EFBC}") = "BowlingKata.Test", "BowlingKata.Test\BowlingKata.Test.csproj", "{7CE5423E-9140-421A-970C-1BC66CC43115}"
EndProject
Global
	GlobalSection(SolutionConfigurationPlatforms) = preSolution
		Debug|Any CPU = Debug|Any CPU
		Release|Any CPU = Release|Any CPU
	EndGlobalSection
	GlobalSection(ProjectConfigurationPlatforms) = postSolution
		{266E0D64-3ACB-43F1-B9F9-77543CE34A49}.Debug|Any CPU.ActiveCfg = Debug|Any CPU
		{266E0D64-3ACB-43F1-B9F9-77543CE34A49}.Debug|Any CPU.Build.0 = Debug|Any CPU
		{266E0D64-3ACB-43F1-B9F9-77543CE34A49}.Release|Any CPU.ActiveCfg = Release|Any CPU
		{266E0D64-3ACB-43F1-B9F9-77543CE34A49}.Release|Any CPU.Build.0 = Release|Any CPU
		{7CE5423E-9140-421A-970C-1BC66CC43115}.Debug|Any CPU.ActiveCfg = Debug|Any CPU
		{7CE5423E-9140-421A-970C-1BC66CC43115}.Debug|Any CPU.Build.0 = Debug|Any CPU
		{7CE5423E-9140-421A-970C-1BC66CC43115}.Release|Any CPU.ActiveCfg = Release|Any CPU
		{7CE5423E-9140-421A-970C-1BC66CC43115}.Release|Any CPU.Build.0 = Release|Any CPU
	EndGlobalSection
	GlobalSection(SolutionProperties) = preSolution
		HideSolutionNode = FALSE
	EndGlobalSection
	GlobalSection(ExtensibilityGlobals) = postSolution
		SolutionGuid = {7F02246F-E977-4FA1-AB8F-411AFA62BF80}
	EndGlobalSection
EndGlobal
